// !$*UTF8*$!
{
	archiveVersion = 1;
	classes = {
	};
	objectVersion = 50;
	objects = {

/* Begin PBXBuildFile section */
		777FAEE02470E43F0000A3F9 /* Localizable.strings in Resources */ = {isa = PBXBuildFile; fileRef = 777FAEE22470E43F0000A3F9 /* Localizable.strings */; };
		777FAEE72471030F0000A3F9 /* Localizable.stringsdict in Resources */ = {isa = PBXBuildFile; fileRef = 777FAEE92471030F0000A3F9 /* Localizable.stringsdict */; };
		77BBADF4243780FD0007A7A7 /* AppDelegate.swift in Sources */ = {isa = PBXBuildFile; fileRef = 77BBADF3243780FD0007A7A7 /* AppDelegate.swift */; };
		77BBADF6243780FD0007A7A7 /* SceneDelegate.swift in Sources */ = {isa = PBXBuildFile; fileRef = 77BBADF5243780FD0007A7A7 /* SceneDelegate.swift */; };
		77BBADF8243780FD0007A7A7 /* ContentView.swift in Sources */ = {isa = PBXBuildFile; fileRef = 77BBADF7243780FD0007A7A7 /* ContentView.swift */; };
		77BBADFA243780FE0007A7A7 /* Assets.xcassets in Resources */ = {isa = PBXBuildFile; fileRef = 77BBADF9243780FE0007A7A7 /* Assets.xcassets */; };
		77BBADFD243780FE0007A7A7 /* Preview Assets.xcassets in Resources */ = {isa = PBXBuildFile; fileRef = 77BBADFC243780FE0007A7A7 /* Preview Assets.xcassets */; };
		77BBAE00243780FE0007A7A7 /* LaunchScreen.storyboard in Resources */ = {isa = PBXBuildFile; fileRef = 77BBADFE243780FE0007A7A7 /* LaunchScreen.storyboard */; };
/* End PBXBuildFile section */

/* Begin PBXCopyFilesBuildPhase section */
		771CE6B12467931B001D3346 /* Embed App Extensions */ = {
			isa = PBXCopyFilesBuildPhase;
			buildActionMask = 2147483647;
			dstPath = "";
			dstSubfolderSpec = 13;
			files = (
			);
			name = "Embed App Extensions";
			runOnlyForDeploymentPostprocessing = 0;
		};
/* End PBXCopyFilesBuildPhase section */

/* Begin PBXFileReference section */
		771CE6A52467931B001D3346 /* NotificationCenter.framework */ = {isa = PBXFileReference; lastKnownFileType = wrapper.framework; name = NotificationCenter.framework; path = System/Library/Frameworks/NotificationCenter.framework; sourceTree = SDKROOT; };
		777FAEE12470E43F0000A3F9 /* en */ = {isa = PBXFileReference; lastKnownFileType = text.plist.strings; name = en; path = en.lproj/Localizable.strings; sourceTree = "<group>"; };
		777FAEE32470E4440000A3F9 /* ru */ = {isa = PBXFileReference; lastKnownFileType = text.plist.strings; name = ru; path = ru.lproj/Localizable.strings; sourceTree = "<group>"; };
		777FAEE82471030F0000A3F9 /* en */ = {isa = PBXFileReference; lastKnownFileType = text.plist.stringsdict; name = en; path = en.lproj/Localizable.stringsdict; sourceTree = "<group>"; };
		777FAEEA247103110000A3F9 /* ru */ = {isa = PBXFileReference; lastKnownFileType = text.plist.stringsdict; name = ru; path = ru.lproj/Localizable.stringsdict; sourceTree = "<group>"; };
		77BBADF0243780FD0007A7A7 /* newUI.app */ = {isa = PBXFileReference; explicitFileType = wrapper.application; includeInIndex = 0; path = newUI.app; sourceTree = BUILT_PRODUCTS_DIR; };
		77BBADF3243780FD0007A7A7 /* AppDelegate.swift */ = {isa = PBXFileReference; lastKnownFileType = sourcecode.swift; path = AppDelegate.swift; sourceTree = "<group>"; };
		77BBADF5243780FD0007A7A7 /* SceneDelegate.swift */ = {isa = PBXFileReference; lastKnownFileType = sourcecode.swift; path = SceneDelegate.swift; sourceTree = "<group>"; };
		77BBADF7243780FD0007A7A7 /* ContentView.swift */ = {isa = PBXFileReference; lastKnownFileType = sourcecode.swift; path = ContentView.swift; sourceTree = "<group>"; };
		77BBADF9243780FE0007A7A7 /* Assets.xcassets */ = {isa = PBXFileReference; lastKnownFileType = folder.assetcatalog; path = Assets.xcassets; sourceTree = "<group>"; };
		77BBADFC243780FE0007A7A7 /* Preview Assets.xcassets */ = {isa = PBXFileReference; lastKnownFileType = folder.assetcatalog; path = "Preview Assets.xcassets"; sourceTree = "<group>"; };
		77BBADFF243780FE0007A7A7 /* Base */ = {isa = PBXFileReference; lastKnownFileType = file.storyboard; name = Base; path = Base.lproj/LaunchScreen.storyboard; sourceTree = "<group>"; };
		77BBAE01243780FE0007A7A7 /* Info.plist */ = {isa = PBXFileReference; lastKnownFileType = text.plist.xml; path = Info.plist; sourceTree = "<group>"; };
/* End PBXFileReference section */

/* Begin PBXFrameworksBuildPhase section */
		77BBADED243780FD0007A7A7 /* Frameworks */ = {
			isa = PBXFrameworksBuildPhase;
			buildActionMask = 2147483647;
			files = (
			);
			runOnlyForDeploymentPostprocessing = 0;
		};
/* End PBXFrameworksBuildPhase section */

/* Begin PBXGroup section */
		771CE6A42467931B001D3346 /* Frameworks */ = {
			isa = PBXGroup;
			children = (
				771CE6A52467931B001D3346 /* NotificationCenter.framework */,
			);
			name = Frameworks;
			sourceTree = "<group>";
		};
		77BBADE7243780FD0007A7A7 = {
			isa = PBXGroup;
			children = (
				77BBADF2243780FD0007A7A7 /* newUI */,
				771CE6A42467931B001D3346 /* Frameworks */,
				77BBADF1243780FD0007A7A7 /* Products */,
			);
			sourceTree = "<group>";
		};
		77BBADF1243780FD0007A7A7 /* Products */ = {
			isa = PBXGroup;
			children = (
				77BBADF0243780FD0007A7A7 /* newUI.app */,
			);
			name = Products;
			sourceTree = "<group>";
		};
		77BBADF2243780FD0007A7A7 /* newUI */ = {
			isa = PBXGroup;
			children = (
				77BBADF3243780FD0007A7A7 /* AppDelegate.swift */,
				77BBADF5243780FD0007A7A7 /* SceneDelegate.swift */,
				77BBADF7243780FD0007A7A7 /* ContentView.swift */,
				777FAEE22470E43F0000A3F9 /* Localizable.strings */,
				777FAEE92471030F0000A3F9 /* Localizable.stringsdict */,
				77BBADF9243780FE0007A7A7 /* Assets.xcassets */,
				77BBADFE243780FE0007A7A7 /* LaunchScreen.storyboard */,
				77BBAE01243780FE0007A7A7 /* Info.plist */,
				77BBADFB243780FE0007A7A7 /* Preview Content */,
			);
			path = newUI;
			sourceTree = "<group>";
		};
		77BBADFB243780FE0007A7A7 /* Preview Content */ = {
			isa = PBXGroup;
			children = (
				77BBADFC243780FE0007A7A7 /* Preview Assets.xcassets */,
			);
			path = "Preview Content";
			sourceTree = "<group>";
		};
/* End PBXGroup section */

/* Begin PBXNativeTarget section */
		77BBADEF243780FD0007A7A7 /* newUI */ = {
			isa = PBXNativeTarget;
			buildConfigurationList = 77BBAE04243780FE0007A7A7 /* Build configuration list for PBXNativeTarget "newUI" */;
			buildPhases = (
				77BBADEC243780FD0007A7A7 /* Sources */,
				77BBADED243780FD0007A7A7 /* Frameworks */,
				77BBADEE243780FD0007A7A7 /* Resources */,
				771CE6B12467931B001D3346 /* Embed App Extensions */,
			);
			buildRules = (
			);
			dependencies = (
			);
			name = newUI;
			productName = newUI;
			productReference = 77BBADF0243780FD0007A7A7 /* newUI.app */;
			productType = "com.apple.product-type.application";
		};
/* End PBXNativeTarget section */

/* Begin PBXProject section */
		77BBADE8243780FD0007A7A7 /* Project object */ = {
			isa = PBXProject;
			attributes = {
				LastSwiftUpdateCheck = 1140;
				LastUpgradeCheck = 1140;
				ORGANIZATIONNAME = "prafull kumar";
				TargetAttributes = {
					77BBADEF243780FD0007A7A7 = {
						CreatedOnToolsVersion = 11.4;
					};
				};
			};
			buildConfigurationList = 77BBADEB243780FD0007A7A7 /* Build configuration list for PBXProject "newUI" */;
			compatibilityVersion = "Xcode 9.3";
			developmentRegion = en;
			hasScannedForEncodings = 0;
			knownRegions = (
				en,
				Base,
				ru,
			);
			mainGroup = 77BBADE7243780FD0007A7A7;
			productRefGroup = 77BBADF1243780FD0007A7A7 /* Products */;
			projectDirPath = "";
			projectRoot = "";
			targets = (
				77BBADEF243780FD0007A7A7 /* newUI */,
			);
		};
/* End PBXProject section */

/* Begin PBXResourcesBuildPhase section */
		77BBADEE243780FD0007A7A7 /* Resources */ = {
			isa = PBXResourcesBuildPhase;
			buildActionMask = 2147483647;
			files = (
				77BBAE00243780FE0007A7A7 /* LaunchScreen.storyboard in Resources */,
				777FAEE02470E43F0000A3F9 /* Localizable.strings in Resources */,
				77BBADFD243780FE0007A7A7 /* Preview Assets.xcassets in Resources */,
				777FAEE72471030F0000A3F9 /* Localizable.stringsdict in Resources */,
				77BBADFA243780FE0007A7A7 /* Assets.xcassets in Resources */,
			);
			runOnlyForDeploymentPostprocessing = 0;
		};
/* End PBXResourcesBuildPhase section */

/* Begin PBXSourcesBuildPhase section */
		77BBADEC243780FD0007A7A7 /* Sources */ = {
			isa = PBXSourcesBuildPhase;
			buildActionMask = 2147483647;
			files = (
				77BBADF4243780FD0007A7A7 /* AppDelegate.swift in Sources */,
				77BBADF6243780FD0007A7A7 /* SceneDelegate.swift in Sources */,
				77BBADF8243780FD0007A7A7 /* ContentView.swift in Sources */,
			);
			runOnlyForDeploymentPostprocessing = 0;
		};
/* End PBXSourcesBuildPhase section */

/* Begin PBXVariantGroup section */
		777FAEE22470E43F0000A3F9 /* Localizable.strings */ = {
			isa = PBXVariantGroup;
			children = (
				777FAEE12470E43F0000A3F9 /* en */,
				777FAEE32470E4440000A3F9 /* ru */,
			);
			name = Localizable.strings;
			sourceTree = "<group>";
		};
		777FAEE92471030F0000A3F9 /* Localizable.stringsdict */ = {
			isa = PBXVariantGroup;
			children = (
				777FAEE82471030F0000A3F9 /* en */,
				777FAEEA247103110000A3F9 /* ru */,
			);
			name = Localizable.stringsdict;
			sourceTree = "<group>";
		};
		77BBADFE243780FE0007A7A7 /* LaunchScreen.storyboard */ = {
			isa = PBXVariantGroup;
			children = (
				77BBADFF243780FE0007A7A7 /* Base */,
			);
			name = LaunchScreen.storyboard;
			sourceTree = "<group>";
		};
/* End PBXVariantGroup section */

/* Begin XCBuildConfiguration section */
		77BBAE02243780FE0007A7A7 /* Debug */ = {
			isa = XCBuildConfiguration;
			buildSettings = {
				ALWAYS_SEARCH_USER_PATHS = NO;
				CLANG_ANALYZER_LOCALIZABILITY_NONLOCALIZED = YES;
				CLANG_ANALYZER_NONNULL = YES;
				CLANG_ANALYZER_NUMBER_OBJECT_CONVERSION = YES_AGGRESSIVE;
				CLANG_CXX_LANGUAGE_STANDARD = "gnu++14";
				CLANG_CXX_LIBRARY = "libc++";
				CLANG_ENABLE_MODULES = YES;
				CLANG_ENABLE_OBJC_ARC = YES;
				CLANG_ENABLE_OBJC_WEAK = YES;
				CLANG_WARN_BLOCK_CAPTURE_AUTORELEASING = YES;
				CLANG_WARN_BOOL_CONVERSION = YES;
				CLANG_WARN_COMMA = YES;
				CLANG_WARN_CONSTANT_CONVERSION = YES;
				CLANG_WARN_DEPRECATED_OBJC_IMPLEMENTATIONS = YES;
				CLANG_WARN_DIRECT_OBJC_ISA_USAGE = YES_ERROR;
				CLANG_WARN_DOCUMENTATION_COMMENTS = YES;
				CLANG_WARN_EMPTY_BODY = YES;
				CLANG_WARN_ENUM_CONVERSION = YES;
				CLANG_WARN_INFINITE_RECURSION = YES;
				CLANG_WARN_INT_CONVERSION = YES;
				CLANG_WARN_NON_LITERAL_NULL_CONVERSION = YES;
				CLANG_WARN_OBJC_IMPLICIT_RETAIN_SELF = YES;
				CLANG_WARN_OBJC_LITERAL_CONVERSION = YES;
				CLANG_WARN_OBJC_ROOT_CLASS = YES_ERROR;
				CLANG_WARN_RANGE_LOOP_ANALYSIS = YES;
				CLANG_WARN_STRICT_PROTOTYPES = YES;
				CLANG_WARN_SUSPICIOUS_MOVE = YES;
				CLANG_WARN_UNGUARDED_AVAILABILITY = YES_AGGRESSIVE;
				CLANG_WARN_UNREACHABLE_CODE = YES;
				CLANG_WARN__DUPLICATE_METHOD_MATCH = YES;
				COPY_PHASE_STRIP = NO;
				DEBUG_INFORMATION_FORMAT = dwarf;
				ENABLE_STRICT_OBJC_MSGSEND = YES;
				ENABLE_TESTABILITY = YES;
				GCC_C_LANGUAGE_STANDARD = gnu11;
				GCC_DYNAMIC_NO_PIC = NO;
				GCC_NO_COMMON_BLOCKS = YES;
				GCC_OPTIMIZATION_LEVEL = 0;
				GCC_PREPROCESSOR_DEFINITIONS = (
					"DEBUG=1",
					"$(inherited)",
				);
				GCC_WARN_64_TO_32_BIT_CONVERSION = YES;
				GCC_WARN_ABOUT_RETURN_TYPE = YES_ERROR;
				GCC_WARN_UNDECLARED_SELECTOR = YES;
				GCC_WARN_UNINITIALIZED_AUTOS = YES_AGGRESSIVE;
				GCC_WARN_UNUSED_FUNCTION = YES;
				GCC_WARN_UNUSED_VARIABLE = YES;
				IPHONEOS_DEPLOYMENT_TARGET = 13.4;
				MTL_ENABLE_DEBUG_INFO = INCLUDE_SOURCE;
				MTL_FAST_MATH = YES;
				ONLY_ACTIVE_ARCH = YES;
				SDKROOT = iphoneos;
				SWIFT_ACTIVE_COMPILATION_CONDITIONS = DEBUG;
				SWIFT_OPTIMIZATION_LEVEL = "-Onone";
			};
			name = Debug;
		};
		77BBAE03243780FE0007A7A7 /* Release */ = {
			isa = XCBuildConfiguration;
			buildSettings = {
				ALWAYS_SEARCH_USER_PATHS = NO;
				CLANG_ANALYZER_LOCALIZABILITY_NONLOCALIZED = YES;
				CLANG_ANALYZER_NONNULL = YES;
				CLANG_ANALYZER_NUMBER_OBJECT_CONVERSION = YES_AGGRESSIVE;
				CLANG_CXX_LANGUAGE_STANDARD = "gnu++14";
				CLANG_CXX_LIBRARY = "libc++";
				CLANG_ENABLE_MODULES = YES;
				CLANG_ENABLE_OBJC_ARC = YES;
				CLANG_ENABLE_OBJC_WEAK = YES;
				CLANG_WARN_BLOCK_CAPTURE_AUTORELEASING = YES;
				CLANG_WARN_BOOL_CONVERSION = YES;
				CLANG_WARN_COMMA = YES;
				CLANG_WARN_CONSTANT_CONVERSION = YES;
				CLANG_WARN_DEPRECATED_OBJC_IMPLEMENTATIONS = YES;
				CLANG_WARN_DIRECT_OBJC_ISA_USAGE = YES_ERROR;
				CLANG_WARN_DOCUMENTATION_COMMENTS = YES;
				CLANG_WARN_EMPTY_BODY = YES;
				CLANG_WARN_ENUM_CONVERSION = YES;
				CLANG_WARN_INFINITE_RECURSION = YES;
				CLANG_WARN_INT_CONVERSION = YES;
				CLANG_WARN_NON_LITERAL_NULL_CONVERSION = YES;
				CLANG_WARN_OBJC_IMPLICIT_RETAIN_SELF = YES;
				CLANG_WARN_OBJC_LITERAL_CONVERSION = YES;
				CLANG_WARN_OBJC_ROOT_CLASS = YES_ERROR;
				CLANG_WARN_RANGE_LOOP_ANALYSIS = YES;
				CLANG_WARN_STRICT_PROTOTYPES = YES;
				CLANG_WARN_SUSPICIOUS_MOVE = YES;
				CLANG_WARN_UNGUARDED_AVAILABILITY = YES_AGGRESSIVE;
				CLANG_WARN_UNREACHABLE_CODE = YES;
				CLANG_WARN__DUPLICATE_METHOD_MATCH = YES;
				COPY_PHASE_STRIP = NO;
				DEBUG_INFORMATION_FORMAT = "dwarf-with-dsym";
				ENABLE_NS_ASSERTIONS = NO;
				ENABLE_STRICT_OBJC_MSGSEND = YES;
				GCC_C_LANGUAGE_STANDARD = gnu11;
				GCC_NO_COMMON_BLOCKS = YES;
				GCC_WARN_64_TO_32_BIT_CONVERSION = YES;
				GCC_WARN_ABOUT_RETURN_TYPE = YES_ERROR;
				GCC_WARN_UNDECLARED_SELECTOR = YES;
				GCC_WARN_UNINITIALIZED_AUTOS = YES_AGGRESSIVE;
				GCC_WARN_UNUSED_FUNCTION = YES;
				GCC_WARN_UNUSED_VARIABLE = YES;
				IPHONEOS_DEPLOYMENT_TARGET = 13.4;
				MTL_ENABLE_DEBUG_INFO = NO;
				MTL_FAST_MATH = YES;
				SDKROOT = iphoneos;
				SWIFT_COMPILATION_MODE = wholemodule;
				SWIFT_OPTIMIZATION_LEVEL = "-O";
				VALIDATE_PRODUCT = YES;
			};
			name = Release;
		};
		77BBAE05243780FE0007A7A7 /* Debug */ = {
			isa = XCBuildConfiguration;
			buildSettings = {
				ALWAYS_EMBED_SWIFT_STANDARD_LIBRARIES = YES;
				ASSETCATALOG_COMPILER_APPICON_NAME = AppIcon;
				CODE_SIGN_STYLE = Automatic;
				DEVELOPMENT_ASSET_PATHS = "\"newUI/Preview Content\"";
				DEVELOPMENT_TEAM = 5KH3T4KP2K;
				ENABLE_PREVIEWS = YES;
				INFOPLIST_FILE = newUI/Info.plist;
				IPHONEOS_DEPLOYMENT_TARGET = 13.2;
				LD_RUNPATH_SEARCH_PATHS = (
					"$(inherited)",
					"@executable_path/Frameworks",
				);
				PRODUCT_BUNDLE_IDENTIFIER = experimental.newUI;
				PRODUCT_NAME = "$(TARGET_NAME)";
				SWIFT_VERSION = 5.0;
				TARGETED_DEVICE_FAMILY = "1,2";
			};
			name = Debug;
		};
		77BBAE06243780FE0007A7A7 /* Release */ = {
			isa = XCBuildConfiguration;
			buildSettings = {
				ALWAYS_EMBED_SWIFT_STANDARD_LIBRARIES = YES;
				ASSETCATALOG_COMPILER_APPICON_NAME = AppIcon;
				CODE_SIGN_STYLE = Automatic;
				DEVELOPMENT_ASSET_PATHS = "\"newUI/Preview Content\"";
				DEVELOPMENT_TEAM = 5KH3T4KP2K;
				ENABLE_PREVIEWS = YES;
				INFOPLIST_FILE = newUI/Info.plist;
				IPHONEOS_DEPLOYMENT_TARGET = 13.2;
				LD_RUNPATH_SEARCH_PATHS = (
					"$(inherited)",
					"@executable_path/Frameworks",
				);
				PRODUCT_BUNDLE_IDENTIFIER = experimental.newUI;
				PRODUCT_NAME = "$(TARGET_NAME)";
				SWIFT_VERSION = 5.0;
				TARGETED_DEVICE_FAMILY = "1,2";
			};
			name = Release;
		};
/* End XCBuildConfiguration section */

/* Begin XCConfigurationList section */
		77BBADEB243780FD0007A7A7 /* Build configuration list for PBXProject "newUI" */ = {
			isa = XCConfigurationList;
			buildConfigurations = (
				77BBAE02243780FE0007A7A7 /* Debug */,
				77BBAE03243780FE0007A7A7 /* Release */,
			);
			defaultConfigurationIsVisible = 0;
			defaultConfigurationName = Release;
		};
		77BBAE04243780FE0007A7A7 /* Build configuration list for PBXNativeTarget "newUI" */ = {
			isa = XCConfigurationList;
			buildConfigurations = (
				77BBAE05243780FE0007A7A7 /* Debug */,
				77BBAE06243780FE0007A7A7 /* Release */,
			);
			defaultConfigurationIsVisible = 0;
			defaultConfigurationName = Release;
		};
/* End XCConfigurationList section */
	};
	rootObject = 77BBADE8243780FD0007A7A7 /* Project object */;
}
